// !$*UTF8*$!
{
	archiveVersion = 1;
	classes = {
	};
	objectVersion = 50;
	objects = {

/* Begin PBXBuildFile section */
		627DF7EA243C51DA002B3BAD /* main.cpp in Sources */ = {isa = PBXBuildFile; fileRef = 627DF7E8243C51DA002B3BAD /* main.cpp */; };
		62AC0E86243EC0AC00CA1EC8 /* Action.h in Copy Files */ = {isa = PBXBuildFile; fileRef = 62AC0E84243EC0AC00CA1EC8 /* Action.h */; };
		62AC0E87243EC0AC00CA1EC8 /* Predicate.h in Copy Files */ = {isa = PBXBuildFile; fileRef = 62AC0E85243EC0AC00CA1EC8 /* Predicate.h */; };
		62CE841D243D7DC600559BC3 /* libConsole Graphics.a in Frameworks */ = {isa = PBXBuildFile; fileRef = 62CE841C243D7DC600559BC3 /* libConsole Graphics.a */; };
		62CE842D243D7E9000559BC3 /* Pixel.h in Copy Files */ = {isa = PBXBuildFile; fileRef = 62CE8420243D7E9000559BC3 /* Pixel.h */; };
		62CE842E243D7E9000559BC3 /* Enviroment.h in Copy Files */ = {isa = PBXBuildFile; fileRef = 62CE8421243D7E9000559BC3 /* Enviroment.h */; };
		62CE842F243D7E9000559BC3 /* IDevice.h in Copy Files */ = {isa = PBXBuildFile; fileRef = 62CE8422243D7E9000559BC3 /* IDevice.h */; };
		62CE8430243D7E9000559BC3 /* EventHandler.h in Copy Files */ = {isa = PBXBuildFile; fileRef = 62CE8423243D7E9000559BC3 /* EventHandler.h */; };
		62CE8431243D7E9000559BC3 /* Cursor.h in Copy Files */ = {isa = PBXBuildFile; fileRef = 62CE8424243D7E9000559BC3 /* Cursor.h */; };
		62CE8432243D7E9000559BC3 /* Point.h in Copy Files */ = {isa = PBXBuildFile; fileRef = 62CE8425243D7E9000559BC3 /* Point.h */; };
		62CE8433243D7E9000559BC3 /* Keyboard.h in Copy Files */ = {isa = PBXBuildFile; fileRef = 62CE8426243D7E9000559BC3 /* Keyboard.h */; };
		62CE8434243D7E9000559BC3 /* Graphics.h in Copy Files */ = {isa = PBXBuildFile; fileRef = 62CE8427243D7E9000559BC3 /* Graphics.h */; };
		62CE8435243D7E9000559BC3 /* Color.h in Copy Files */ = {isa = PBXBuildFile; fileRef = 62CE8428243D7E9000559BC3 /* Color.h */; };
		62CE8436243D7E9000559BC3 /* EnviromentDefine.h in Copy Files */ = {isa = PBXBuildFile; fileRef = 62CE8429243D7E9000559BC3 /* EnviromentDefine.h */; };
		62CE8437243D7E9000559BC3 /* Display.h in Copy Files */ = {isa = PBXBuildFile; fileRef = 62CE842A243D7E9000559BC3 /* Display.h */; };
		62CE8438243D7E9000559BC3 /* Mouse.h in Copy Files */ = {isa = PBXBuildFile; fileRef = 62CE842B243D7E9000559BC3 /* Mouse.h */; };
		62CE8439243D7E9000559BC3 /* Pixel.cpp in Copy Files */ = {isa = PBXBuildFile; fileRef = 62CE842C243D7E9000559BC3 /* Pixel.cpp */; };
/* End PBXBuildFile section */

/* Begin PBXCopyFilesBuildPhase section */
		627DF7DA243C51C6002B3BAD /* Copy Files */ = {
			isa = PBXCopyFilesBuildPhase;
			buildActionMask = 2147483647;
			dstPath = usr/share/man/man1;
			dstSubfolderSpec = 0;
			files = (
				62AC0E86243EC0AC00CA1EC8 /* Action.h in Copy Files */,
				62AC0E87243EC0AC00CA1EC8 /* Predicate.h in Copy Files */,
				62CE842D243D7E9000559BC3 /* Pixel.h in Copy Files */,
				62CE842E243D7E9000559BC3 /* Enviroment.h in Copy Files */,
				62CE842F243D7E9000559BC3 /* IDevice.h in Copy Files */,
				62CE8430243D7E9000559BC3 /* EventHandler.h in Copy Files */,
				62CE8431243D7E9000559BC3 /* Cursor.h in Copy Files */,
				62CE8432243D7E9000559BC3 /* Point.h in Copy Files */,
				62CE8433243D7E9000559BC3 /* Keyboard.h in Copy Files */,
				62CE8434243D7E9000559BC3 /* Graphics.h in Copy Files */,
				62CE8435243D7E9000559BC3 /* Color.h in Copy Files */,
				62CE8436243D7E9000559BC3 /* EnviromentDefine.h in Copy Files */,
				62CE8437243D7E9000559BC3 /* Display.h in Copy Files */,
				62CE8438243D7E9000559BC3 /* Mouse.h in Copy Files */,
				62CE8439243D7E9000559BC3 /* Pixel.cpp in Copy Files */,
			);
			name = "Copy Files";
			runOnlyForDeploymentPostprocessing = 1;
		};
/* End PBXCopyFilesBuildPhase section */

/* Begin PBXFileReference section */
		627DF7DC243C51C6002B3BAD /* Unit_Test */ = {isa = PBXFileReference; explicitFileType = "compiled.mach-o.executable"; includeInIndex = 0; path = Unit_Test; sourceTree = BUILT_PRODUCTS_DIR; };
		627DF7E6243C51D9002B3BAD /* GraphicsTest.h */ = {isa = PBXFileReference; fileEncoding = 4; lastKnownFileType = sourcecode.c.h; path = GraphicsTest.h; sourceTree = SOURCE_ROOT; };
		627DF7E7243C51D9002B3BAD /* EventHandlerTest.h */ = {isa = PBXFileReference; fileEncoding = 4; lastKnownFileType = sourcecode.c.h; path = EventHandlerTest.h; sourceTree = SOURCE_ROOT; };
		627DF7E8243C51DA002B3BAD /* main.cpp */ = {isa = PBXFileReference; fileEncoding = 4; lastKnownFileType = sourcecode.cpp.cpp; path = main.cpp; sourceTree = SOURCE_ROOT; };
		627DF7E9243C51DA002B3BAD /* TestModule.hpp */ = {isa = PBXFileReference; fileEncoding = 4; lastKnownFileType = sourcecode.cpp.h; path = TestModule.hpp; sourceTree = SOURCE_ROOT; };
		62AC0E84243EC0AC00CA1EC8 /* Action.h */ = {isa = PBXFileReference; lastKnownFileType = sourcecode.c.h; name = Action.h; path = "../Console Graphics/Action.h"; sourceTree = "<group>"; };
		62AC0E85243EC0AC00CA1EC8 /* Predicate.h */ = {isa = PBXFileReference; lastKnownFileType = sourcecode.c.h; name = Predicate.h; path = "../Console Graphics/Predicate.h"; sourceTree = "<group>"; };
		62CE841C243D7DC600559BC3 /* libConsole Graphics.a */ = {isa = PBXFileReference; explicitFileType = archive.ar; path = "libConsole Graphics.a"; sourceTree = BUILT_PRODUCTS_DIR; };
		62CE8420243D7E9000559BC3 /* Pixel.h */ = {isa = PBXFileReference; lastKnownFileType = sourcecode.c.h; name = Pixel.h; path = "../Console Graphics/Pixel.h"; sourceTree = "<group>"; };
		62CE8421243D7E9000559BC3 /* Enviroment.h */ = {isa = PBXFileReference; lastKnownFileType = sourcecode.c.h; name = Enviroment.h; path = "../Console Graphics/Enviroment.h"; sourceTree = "<group>"; };
		62CE8422243D7E9000559BC3 /* IDevice.h */ = {isa = PBXFileReference; lastKnownFileType = sourcecode.c.h; name = IDevice.h; path = "../Console Graphics/IDevice.h"; sourceTree = "<group>"; };
		62CE8423243D7E9000559BC3 /* EventHandler.h */ = {isa = PBXFileReference; lastKnownFileType = sourcecode.c.h; name = EventHandler.h; path = "../Console Graphics/EventHandler.h"; sourceTree = "<group>"; };
		62CE8424243D7E9000559BC3 /* Cursor.h */ = {isa = PBXFileReference; lastKnownFileType = sourcecode.c.h; name = Cursor.h; path = "../Console Graphics/Cursor.h"; sourceTree = "<group>"; };
		62CE8425243D7E9000559BC3 /* Point.h */ = {isa = PBXFileReference; lastKnownFileType = sourcecode.c.h; name = Point.h; path = "../Console Graphics/Point.h"; sourceTree = "<group>"; };
		62CE8426243D7E9000559BC3 /* Keyboard.h */ = {isa = PBXFileReference; lastKnownFileType = sourcecode.c.h; name = Keyboard.h; path = "../Console Graphics/Keyboard.h"; sourceTree = "<group>"; };
		62CE8427243D7E9000559BC3 /* Graphics.h */ = {isa = PBXFileReference; lastKnownFileType = sourcecode.c.h; name = Graphics.h; path = "../Console Graphics/Graphics.h"; sourceTree = "<group>"; };
		62CE8428243D7E9000559BC3 /* Color.h */ = {isa = PBXFileReference; lastKnownFileType = sourcecode.c.h; name = Color.h; path = "../Console Graphics/Color.h"; sourceTree = "<group>"; };
		62CE8429243D7E9000559BC3 /* EnviromentDefine.h */ = {isa = PBXFileReference; lastKnownFileType = sourcecode.c.h; name = EnviromentDefine.h; path = "../Console Graphics/EnviromentDefine.h"; sourceTree = "<group>"; };
		62CE842A243D7E9000559BC3 /* Display.h */ = {isa = PBXFileReference; lastKnownFileType = sourcecode.c.h; name = Display.h; path = "../Console Graphics/Display.h"; sourceTree = "<group>"; };
		62CE842B243D7E9000559BC3 /* Mouse.h */ = {isa = PBXFileReference; lastKnownFileType = sourcecode.c.h; name = Mouse.h; path = "../Console Graphics/Mouse.h"; sourceTree = "<group>"; };
		62CE842C243D7E9000559BC3 /* Pixel.cpp */ = {isa = PBXFileReference; lastKnownFileType = sourcecode.cpp.cpp; name = Pixel.cpp; path = "../Console Graphics/Pixel.cpp"; sourceTree = "<group>"; };
/* End PBXFileReference section */

/* Begin PBXFrameworksBuildPhase section */
		627DF7D9243C51C6002B3BAD /* Frameworks */ = {
			isa = PBXFrameworksBuildPhase;
			buildActionMask = 2147483647;
			files = (
				62CE841D243D7DC600559BC3 /* libConsole Graphics.a in Frameworks */,
			);
			runOnlyForDeploymentPostprocessing = 0;
		};
/* End PBXFrameworksBuildPhase section */

/* Begin PBXGroup section */
		627DF7D3243C51C6002B3BAD = {
			isa = PBXGroup;
			children = (
				62CE843A243D7EB400559BC3 /* Console Graphics */,
				627DF7DE243C51C6002B3BAD /* Unit Test */,
				627DF7DD243C51C6002B3BAD /* Products */,
				627DF84B243C53D0002B3BAD /* Frameworks */,
			);
			sourceTree = "<group>";
		};
		627DF7DD243C51C6002B3BAD /* Products */ = {
			isa = PBXGroup;
			children = (
				627DF7DC243C51C6002B3BAD /* Unit_Test */,
			);
			name = Products;
			sourceTree = "<group>";
		};
		627DF7DE243C51C6002B3BAD /* Unit Test */ = {
			isa = PBXGroup;
			children = (
				627DF7E7243C51D9002B3BAD /* EventHandlerTest.h */,
				627DF7E6243C51D9002B3BAD /* GraphicsTest.h */,
				627DF7E8243C51DA002B3BAD /* main.cpp */,
				627DF7E9243C51DA002B3BAD /* TestModule.hpp */,
			);
			path = "Unit Test";
			sourceTree = "<group>";
		};
		627DF84B243C53D0002B3BAD /* Frameworks */ = {
			isa = PBXGroup;
			children = (
				62CE841C243D7DC600559BC3 /* libConsole Graphics.a */,
			);
			name = Frameworks;
			sourceTree = "<group>";
		};
		62CE843A243D7EB400559BC3 /* Console Graphics */ = {
			isa = PBXGroup;
			children = (
				62AC0E84243EC0AC00CA1EC8 /* Action.h */,
				62AC0E85243EC0AC00CA1EC8 /* Predicate.h */,
				62CE8428243D7E9000559BC3 /* Color.h */,
				62CE8424243D7E9000559BC3 /* Cursor.h */,
				62CE842A243D7E9000559BC3 /* Display.h */,
				62CE8421243D7E9000559BC3 /* Enviroment.h */,
				62CE8429243D7E9000559BC3 /* EnviromentDefine.h */,
				62CE8423243D7E9000559BC3 /* EventHandler.h */,
				62CE8427243D7E9000559BC3 /* Graphics.h */,
				62CE8422243D7E9000559BC3 /* IDevice.h */,
				62CE8426243D7E9000559BC3 /* Keyboard.h */,
				62CE842B243D7E9000559BC3 /* Mouse.h */,
				62CE842C243D7E9000559BC3 /* Pixel.cpp */,
				62CE8420243D7E9000559BC3 /* Pixel.h */,
				62CE8425243D7E9000559BC3 /* Point.h */,
			);
			name = "Console Graphics";
			sourceTree = "<group>";
		};
/* End PBXGroup section */

/* Begin PBXNativeTarget section */
		627DF7DB243C51C6002B3BAD /* Unit_Test */ = {
			isa = PBXNativeTarget;
			buildConfigurationList = 627DF7E3243C51C6002B3BAD /* Build configuration list for PBXNativeTarget "Unit_Test" */;
			buildPhases = (
				627DF7D8243C51C6002B3BAD /* Sources */,
				627DF7D9243C51C6002B3BAD /* Frameworks */,
				627DF7DA243C51C6002B3BAD /* Copy Files */,
			);
			buildRules = (
			);
			dependencies = (
			);
			name = Unit_Test;
			productName = "Unit Test";
			productReference = 627DF7DC243C51C6002B3BAD /* Unit_Test */;
			productType = "com.apple.product-type.tool";
		};
/* End PBXNativeTarget section */

/* Begin PBXProject section */
		627DF7D4243C51C6002B3BAD /* Project object */ = {
			isa = PBXProject;
			attributes = {
				LastUpgradeCheck = 1140;
				ORGANIZATIONNAME = Aoikazto;
				TargetAttributes = {
					627DF7DB243C51C6002B3BAD = {
						CreatedOnToolsVersion = 11.4;
					};
				};
			};
			buildConfigurationList = 627DF7D7243C51C6002B3BAD /* Build configuration list for PBXProject "Unit_Test" */;
			compatibilityVersion = "Xcode 9.3";
			developmentRegion = en;
			hasScannedForEncodings = 0;
			knownRegions = (
				en,
				Base,
			);
			mainGroup = 627DF7D3243C51C6002B3BAD;
			productRefGroup = 627DF7DD243C51C6002B3BAD /* Products */;
			projectDirPath = "";
			projectRoot = "";
			targets = (
				627DF7DB243C51C6002B3BAD /* Unit_Test */,
			);
		};
/* End PBXProject section */

/* Begin PBXSourcesBuildPhase section */
		627DF7D8243C51C6002B3BAD /* Sources */ = {
			isa = PBXSourcesBuildPhase;
			buildActionMask = 2147483647;
			files = (
				627DF7EA243C51DA002B3BAD /* main.cpp in Sources */,
			);
			runOnlyForDeploymentPostprocessing = 0;
		};
/* End PBXSourcesBuildPhase section */

/* Begin XCBuildConfiguration section */
		627DF7E1243C51C6002B3BAD /* Debug */ = {
			isa = XCBuildConfiguration;
			buildSettings = {
				ALWAYS_SEARCH_USER_PATHS = NO;
				CLANG_ANALYZER_NONNULL = YES;
				CLANG_ANALYZER_NUMBER_OBJECT_CONVERSION = YES_AGGRESSIVE;
				CLANG_CXX_LANGUAGE_STANDARD = "gnu++14";
				CLANG_CXX_LIBRARY = "libc++";
				CLANG_ENABLE_MODULES = YES;
				CLANG_ENABLE_OBJC_ARC = YES;
				CLANG_ENABLE_OBJC_WEAK = YES;
				CLANG_WARN_BLOCK_CAPTURE_AUTORELEASING = YES;
				CLANG_WARN_BOOL_CONVERSION = YES;
				CLANG_WARN_COMMA = YES;
				CLANG_WARN_CONSTANT_CONVERSION = YES;
				CLANG_WARN_DEPRECATED_OBJC_IMPLEMENTATIONS = YES;
				CLANG_WARN_DIRECT_OBJC_ISA_USAGE = YES_ERROR;
				CLANG_WARN_DOCUMENTATION_COMMENTS = YES;
				CLANG_WARN_EMPTY_BODY = YES;
				CLANG_WARN_ENUM_CONVERSION = YES;
				CLANG_WARN_INFINITE_RECURSION = YES;
				CLANG_WARN_INT_CONVERSION = YES;
				CLANG_WARN_NON_LITERAL_NULL_CONVERSION = YES;
				CLANG_WARN_OBJC_IMPLICIT_RETAIN_SELF = YES;
				CLANG_WARN_OBJC_LITERAL_CONVERSION = YES;
				CLANG_WARN_OBJC_ROOT_CLASS = YES_ERROR;
				CLANG_WARN_RANGE_LOOP_ANALYSIS = YES;
				CLANG_WARN_STRICT_PROTOTYPES = YES;
				CLANG_WARN_SUSPICIOUS_MOVE = YES;
				CLANG_WARN_UNGUARDED_AVAILABILITY = YES_AGGRESSIVE;
				CLANG_WARN_UNREACHABLE_CODE = YES;
				CLANG_WARN__DUPLICATE_METHOD_MATCH = YES;
				COPY_PHASE_STRIP = NO;
				DEBUG_INFORMATION_FORMAT = dwarf;
				ENABLE_STRICT_OBJC_MSGSEND = YES;
				ENABLE_TESTABILITY = YES;
				GCC_C_LANGUAGE_STANDARD = gnu11;
				GCC_DYNAMIC_NO_PIC = NO;
				GCC_NO_COMMON_BLOCKS = YES;
				GCC_OPTIMIZATION_LEVEL = 0;
				GCC_PREPROCESSOR_DEFINITIONS = (
					"DEBUG=1",
					"$(inherited)",
				);
				GCC_WARN_64_TO_32_BIT_CONVERSION = YES;
				GCC_WARN_ABOUT_RETURN_TYPE = YES_ERROR;
				GCC_WARN_UNDECLARED_SELECTOR = YES;
				GCC_WARN_UNINITIALIZED_AUTOS = YES_AGGRESSIVE;
				GCC_WARN_UNUSED_FUNCTION = YES;
				GCC_WARN_UNUSED_VARIABLE = YES;
				MACOSX_DEPLOYMENT_TARGET = 10.15;
				MTL_ENABLE_DEBUG_INFO = INCLUDE_SOURCE;
				MTL_FAST_MATH = YES;
				ONLY_ACTIVE_ARCH = YES;
				SDKROOT = macosx;
			};
			name = Debug;
		};
		627DF7E2243C51C6002B3BAD /* Release */ = {
			isa = XCBuildConfiguration;
			buildSettings = {
				ALWAYS_SEARCH_USER_PATHS = NO;
				CLANG_ANALYZER_NONNULL = YES;
				CLANG_ANALYZER_NUMBER_OBJECT_CONVERSION = YES_AGGRESSIVE;
				CLANG_CXX_LANGUAGE_STANDARD = "gnu++14";
				CLANG_CXX_LIBRARY = "libc++";
				CLANG_ENABLE_MODULES = YES;
				CLANG_ENABLE_OBJC_ARC = YES;
				CLANG_ENABLE_OBJC_WEAK = YES;
				CLANG_WARN_BLOCK_CAPTURE_AUTORELEASING = YES;
				CLANG_WARN_BOOL_CONVERSION = YES;
				CLANG_WARN_COMMA = YES;
				CLANG_WARN_CONSTANT_CONVERSION = YES;
				CLANG_WARN_DEPRECATED_OBJC_IMPLEMENTATIONS = YES;
				CLANG_WARN_DIRECT_OBJC_ISA_USAGE = YES_ERROR;
				CLANG_WARN_DOCUMENTATION_COMMENTS = YES;
				CLANG_WARN_EMPTY_BODY = YES;
				CLANG_WARN_ENUM_CONVERSION = YES;
				CLANG_WARN_INFINITE_RECURSION = YES;
				CLANG_WARN_INT_CONVERSION = YES;
				CLANG_WARN_NON_LITERAL_NULL_CONVERSION = YES;
				CLANG_WARN_OBJC_IMPLICIT_RETAIN_SELF = YES;
				CLANG_WARN_OBJC_LITERAL_CONVERSION = YES;
				CLANG_WARN_OBJC_ROOT_CLASS = YES_ERROR;
				CLANG_WARN_RANGE_LOOP_ANALYSIS = YES;
				CLANG_WARN_STRICT_PROTOTYPES = YES;
				CLANG_WARN_SUSPICIOUS_MOVE = YES;
				CLANG_WARN_UNGUARDED_AVAILABILITY = YES_AGGRESSIVE;
				CLANG_WARN_UNREACHABLE_CODE = YES;
				CLANG_WARN__DUPLICATE_METHOD_MATCH = YES;
				COPY_PHASE_STRIP = NO;
				DEBUG_INFORMATION_FORMAT = "dwarf-with-dsym";
				ENABLE_NS_ASSERTIONS = NO;
				ENABLE_STRICT_OBJC_MSGSEND = YES;
				GCC_C_LANGUAGE_STANDARD = gnu11;
				GCC_NO_COMMON_BLOCKS = YES;
				GCC_WARN_64_TO_32_BIT_CONVERSION = YES;
				GCC_WARN_ABOUT_RETURN_TYPE = YES_ERROR;
				GCC_WARN_UNDECLARED_SELECTOR = YES;
				GCC_WARN_UNINITIALIZED_AUTOS = YES_AGGRESSIVE;
				GCC_WARN_UNUSED_FUNCTION = YES;
				GCC_WARN_UNUSED_VARIABLE = YES;
				MACOSX_DEPLOYMENT_TARGET = 10.15;
				MTL_ENABLE_DEBUG_INFO = NO;
				MTL_FAST_MATH = YES;
				SDKROOT = macosx;
			};
			name = Release;
		};
		627DF7E4243C51C6002B3BAD /* Debug */ = {
			isa = XCBuildConfiguration;
			buildSettings = {
				CODE_SIGN_STYLE = Automatic;
				DEVELOPMENT_ASSET_PATHS = "";
				DEVELOPMENT_TEAM = 5Q488G86T2;
				ENABLE_HARDENED_RUNTIME = YES;
				PRODUCT_NAME = "$(TARGET_NAME)";
			};
			name = Debug;
		};
		627DF7E5243C51C6002B3BAD /* Release */ = {
			isa = XCBuildConfiguration;
			buildSettings = {
				CODE_SIGN_STYLE = Automatic;
				DEVELOPMENT_ASSET_PATHS = "";
				DEVELOPMENT_TEAM = 5Q488G86T2;
				ENABLE_HARDENED_RUNTIME = YES;
				PRODUCT_NAME = "$(TARGET_NAME)";
			};
			name = Release;
		};
/* End XCBuildConfiguration section */

/* Begin XCConfigurationList section */
		627DF7D7243C51C6002B3BAD /* Build configuration list for PBXProject "Unit_Test" */ = {
			isa = XCConfigurationList;
			buildConfigurations = (
				627DF7E1243C51C6002B3BAD /* Debug */,
				627DF7E2243C51C6002B3BAD /* Release */,
			);
			defaultConfigurationIsVisible = 0;
			defaultConfigurationName = Release;
		};
		627DF7E3243C51C6002B3BAD /* Build configuration list for PBXNativeTarget "Unit_Test" */ = {
			isa = XCConfigurationList;
			buildConfigurations = (
				627DF7E4243C51C6002B3BAD /* Debug */,
				627DF7E5243C51C6002B3BAD /* Release */,
			);
			defaultConfigurationIsVisible = 0;
			defaultConfigurationName = Release;
		};
/* End XCConfigurationList section */
	};
	rootObject = 627DF7D4243C51C6002B3BAD /* Project object */;
}
