<?xml version="1.0" encoding="utf-8"?>
<Project ToolsVersion="4.0" xmlns="http://schemas.microsoft.com/developer/msbuild/2003">
  <ItemGroup>
    <Filter Include="소스 파일">
      <UniqueIdentifier>{4FC737F1-C7A5-4376-A066-2A32D752A2FF}</UniqueIdentifier>
      <Extensions>cpp;c;cc;cxx;def;odl;idl;hpj;bat;asm;asmx</Extensions>
    </Filter>
    <Filter Include="헤더 파일">
      <UniqueIdentifier>{93995380-89BD-4b04-88EB-625FBE52EBFB}</UniqueIdentifier>
      <Extensions>h;hh;hpp;hxx;hm;inl;inc;ipp;xsd</Extensions>
    </Filter>
    <Filter Include="리소스 파일">
      <UniqueIdentifier>{67DA6AB6-F800-4c08-8B7A-83BB121AAD01}</UniqueIdentifier>
      <Extensions>rc;ico;cur;bmp;dlg;rc2;rct;bin;rgs;gif;jpg;jpeg;jpe;resx;tiff;tif;png;wav;mfcribbon-ms</Extensions>
    </Filter>
    <Filter Include="Document">
      <UniqueIdentifier>{4fd1109e-569e-44bb-857a-9ede7adefc3c}</UniqueIdentifier>
    </Filter>
    <Filter Include="Game Engine">
      <UniqueIdentifier>{f1b54804-b76c-443f-812f-10ac12c40cc1}</UniqueIdentifier>
    </Filter>
    <Filter Include="Game Engine\2DGraphics">
      <UniqueIdentifier>{8687880b-4356-4f87-9a43-54fc5dae1253}</UniqueIdentifier>
    </Filter>
    <Filter Include="Game Engine\InputLibrary">
      <UniqueIdentifier>{00304045-12f0-44ca-acca-e7d33bfcdcf4}</UniqueIdentifier>
    </Filter>
    <Filter Include="Game Engine\Library">
      <UniqueIdentifier>{ed64f4f6-bac0-4f4b-a4de-3c23b2835c31}</UniqueIdentifier>
    </Filter>
    <Filter Include="Game Engine\2DGraphics\Abstract%28Model%29">
      <UniqueIdentifier>{387707d3-39d4-42af-94b2-9c26e491f05a}</UniqueIdentifier>
    </Filter>
    <Filter Include="Game Engine\2DGraphics\Abstract%28Model%29\Obejct%28Model%29">
      <UniqueIdentifier>{b9389242-49c4-4f49-904b-00937732f75f}</UniqueIdentifier>
    </Filter>
    <Filter Include="RayCasting">
      <UniqueIdentifier>{1f4e06b1-e546-4f7c-87c3-b7181a34e2b4}</UniqueIdentifier>
    </Filter>
  </ItemGroup>
  <ItemGroup>
    <ClCompile Include="main.cpp">
      <Filter>소스 파일</Filter>
    </ClCompile>
    <ClCompile Include="GameEngine.cpp">
      <Filter>Game Engine</Filter>
    </ClCompile>
    <ClCompile Include="Graphics2D.cpp">
      <Filter>Game Engine\2DGraphics</Filter>
    </ClCompile>
    <ClCompile Include="Model2D.cpp">
      <Filter>Game Engine\2DGraphics\Abstract%28Model%29</Filter>
    </ClCompile>
    <ClCompile Include="Point.cpp">
      <Filter>Game Engine\Library</Filter>
    </ClCompile>
    <ClCompile Include="Color.cpp">
      <Filter>Game Engine\Library</Filter>
    </ClCompile>
    <ClCompile Include="Graphic_Pixel.cpp">
      <Filter>Game Engine\Library</Filter>
    </ClCompile>
    <ClCompile Include="Rect.cpp">
      <Filter>Game Engine\2DGraphics\Abstract%28Model%29\Obejct%28Model%29</Filter>
    </ClCompile>
    <ClCompile Include="Player.cpp">
      <Filter>RayCasting</Filter>
    </ClCompile>
  </ItemGroup>
  <ItemGroup>
    <ClInclude Include="GameEngine.h">
      <Filter>Game Engine</Filter>
    </ClInclude>
    <ClInclude Include="Graphics2D.h">
      <Filter>Game Engine\2DGraphics</Filter>
    </ClInclude>
    <ClInclude Include="Model2D.h">
      <Filter>Game Engine\2DGraphics\Abstract%28Model%29</Filter>
    </ClInclude>
    <ClInclude Include="Keyboard.h">
      <Filter>Game Engine\InputLibrary</Filter>
    </ClInclude>
    <ClInclude Include="Mouse.h">
      <Filter>Game Engine\InputLibrary</Filter>
    </ClInclude>
    <ClInclude Include="Color.h">
      <Filter>Game Engine\Library</Filter>
    </ClInclude>
    <ClInclude Include="Point.h">
      <Filter>Game Engine\Library</Filter>
    </ClInclude>
    <ClInclude Include="Graphic_Pixel.h">
      <Filter>Game Engine\Library</Filter>
    </ClInclude>
    <ClInclude Include="DrawLibrary.h">
      <Filter>Game Engine\Library</Filter>
    </ClInclude>
    <ClInclude Include="Rect.h">
      <Filter>Game Engine\2DGraphics\Abstract%28Model%29\Obejct%28Model%29</Filter>
    </ClInclude>
    <ClInclude Include="Vector2D.hpp">
      <Filter>RayCasting</Filter>
    </ClInclude>
    <ClInclude Include="Map.hpp">
      <Filter>RayCasting</Filter>
    </ClInclude>
    <ClInclude Include="Player.hpp">
      <Filter>RayCasting</Filter>
    </ClInclude>
  </ItemGroup>
  <ItemGroup>
    <Text Include="개발자 문서.txt">
      <Filter>Document</Filter>
    </Text>
  </ItemGroup>
</Project>