<?xml version="1.0" encoding="utf-8"?>
<Project ToolsVersion="4.0" xmlns="http://schemas.microsoft.com/developer/msbuild/2003">
  <ItemGroup>
    <Filter Include="Source">
      <UniqueIdentifier>{4FC737F1-C7A5-4376-A066-2A32D752A2FF}</UniqueIdentifier>
      <Extensions>cpp;c;cc;cxx;def;odl;idl;hpj;bat;asm;asmx</Extensions>
    </Filter>
    <Filter Include="Source\Input">
      <UniqueIdentifier>{f87e3714-0297-43ca-a6b1-7f17ba85d9f8}</UniqueIdentifier>
    </Filter>
    <Filter Include="Header">
      <UniqueIdentifier>{93995380-89BD-4b04-88EB-625FBE52EBFB}</UniqueIdentifier>
      <Extensions>h;hh;hpp;hxx;hm;inl;inc;ipp;xsd</Extensions>
    </Filter>
    <Filter Include="Header\Input">
      <UniqueIdentifier>{a0fb5baa-1bf1-4139-83f0-8daaae8c9fdc}</UniqueIdentifier>
    </Filter>
    <Filter Include="Resource File">
      <UniqueIdentifier>{67DA6AB6-F800-4c08-8B7A-83BB121AAD01}</UniqueIdentifier>
      <Extensions>rc;ico;cur;bmp;dlg;rc2;rct;bin;rgs;gif;jpg;jpeg;jpe;resx;tiff;tif;png;wav;mfcribbon-ms</Extensions>
    </Filter>
    <Filter Include="Source\Enviroment">
      <UniqueIdentifier>{7ab2de1f-6814-4405-a8ea-438f9a4f03af}</UniqueIdentifier>
    </Filter>
    <Filter Include="Header\Enviroment">
      <UniqueIdentifier>{7b92ed23-ca41-4944-a2bd-06e75f21591e}</UniqueIdentifier>
    </Filter>
    <Filter Include="Header\Library">
      <UniqueIdentifier>{2757cca9-8e46-4416-b6ab-e8b5d6f6e194}</UniqueIdentifier>
    </Filter>
    <Filter Include="Source\Library">
      <UniqueIdentifier>{ebe369e3-b68c-41ea-8229-fd59c377c6ce}</UniqueIdentifier>
    </Filter>
    <Filter Include="Header\Output">
      <UniqueIdentifier>{a5c7b0d7-edcf-4c42-af90-5906249fb02e}</UniqueIdentifier>
    </Filter>
    <Filter Include="Header\Interface">
      <UniqueIdentifier>{5f9a714b-7f08-40d2-a492-335b31a281e9}</UniqueIdentifier>
    </Filter>
    <Filter Include="Header\Library\Function">
      <UniqueIdentifier>{215b72fc-8466-4ddc-8117-2e35b3b9642f}</UniqueIdentifier>
    </Filter>
    <Filter Include="Source\Output">
      <UniqueIdentifier>{ebf68ba4-e823-4d5c-b9cf-2ce62a50dc85}</UniqueIdentifier>
    </Filter>
  </ItemGroup>
  <ItemGroup>
    <ClInclude Include="Graphics.h">
      <Filter>Header</Filter>
    </ClInclude>
    <ClInclude Include="Enviroment.h">
      <Filter>Header\Enviroment</Filter>
    </ClInclude>
    <ClInclude Include="Color.h">
      <Filter>Header\Library</Filter>
    </ClInclude>
    <ClInclude Include="Mouse.h">
      <Filter>Header\Input</Filter>
    </ClInclude>
    <ClInclude Include="EventHandler.h">
      <Filter>Header\Library</Filter>
    </ClInclude>
    <ClInclude Include="Keyboard.h">
      <Filter>Header\Input</Filter>
    </ClInclude>
    <ClInclude Include="Point.h">
      <Filter>Header\Library</Filter>
    </ClInclude>
    <ClInclude Include="Cursor.h">
      <Filter>Header\Output</Filter>
    </ClInclude>
    <ClInclude Include="Display.h">
      <Filter>Header\Output</Filter>
    </ClInclude>
    <ClInclude Include="Pixel.h">
      <Filter>Header\Output</Filter>
    </ClInclude>
    <ClInclude Include="IDevice.h">
      <Filter>Header\Interface</Filter>
    </ClInclude>
    <ClInclude Include="Action.h">
      <Filter>Header\Library\Function</Filter>
    </ClInclude>
    <ClInclude Include="Func.h">
      <Filter>Header\Library\Function</Filter>
    </ClInclude>
    <ClInclude Include="Predicate.h">
      <Filter>Header\Library\Function</Filter>
    </ClInclude>
    <ClInclude Include="Terminal.h">
      <Filter>Header\Output</Filter>
    </ClInclude>
  </ItemGroup>
  <ItemGroup>
    <ClCompile Include="EnviromentDefine.h">
      <Filter>Header\Enviroment</Filter>
    </ClCompile>
    <ClCompile Include="Point.cpp">
      <Filter>Source\Library</Filter>
    </ClCompile>
    <ClCompile Include="Color.cpp">
      <Filter>Source\Library</Filter>
    </ClCompile>
    <ClCompile Include="Pixel.cpp">
      <Filter>Source\Library</Filter>
    </ClCompile>
    <ClCompile Include="Terminal.cpp">
      <Filter>Source\Output</Filter>
    </ClCompile>
    <ClCompile Include="Cursor.cpp">
      <Filter>Source\Output</Filter>
    </ClCompile>
  </ItemGroup>
  <ItemGroup>
    <None Include="README.md" />
  </ItemGroup>
</Project>